
Microsoft Visual Studio Solution File, Format Version 12.00
# Visual Studio Version 16
VisualStudioVersion = 16.0.29519.181
MinimumVisualStudioVersion = 10.0.40219.1
Project("{9A19103F-16F7-4668-BE54-9A1E7A4F7556}") = "VaultBoy", "VaultBoy\VaultBoy.csproj", "{8A2F9D8D-F90C-4764-9C87-533A9D13EDD1}"
EndProject
Project("{9A19103F-16F7-4668-BE54-9A1E7A4F7556}") = "VaultBoy.ProfileCore", "VaultBoy.ProfileCore\VaultBoy.ProfileCore.csproj", "{EB87C57D-89CC-47B3-907F-822F94EEDFB2}"
EndProject
Project("{9A19103F-16F7-4668-BE54-9A1E7A4F7556}") = "VaultBoy.Profiles.MostWanted", "VaultBoy.Profiles.MostWanted\VaultBoy.Profiles.MostWanted.csproj", "{1CEA3C8B-C02A-43BB-BA31-15276B03E856}"
EndProject
Project("{9A19103F-16F7-4668-BE54-9A1E7A4F7556}") = "VaultBoy.Profiles.SpeedBase", "VaultBoy.Profiles.SpeedBase\VaultBoy.Profiles.SpeedBase.csproj", "{09A6E5C3-1629-426B-9528-8E3B87500D8D}"
EndProject
Project("{9A19103F-16F7-4668-BE54-9A1E7A4F7556}") = "VaultBoy.Profiles.TheRun", "VaultBoy.Profiles.TheRun\VaultBoy.Profiles.TheRun.csproj", "{EC883176-79B0-4FD1-AA7A-D611202BCA30}"
EndProject
Project("{FAE04EC0-301F-11D3-BF4B-00C04F79EFBC}") = "VaultBoy.Profiles.BurnoutParadise", "VaultBoy.Profiles.BurnoutParadise\VaultBoy.Profiles.BurnoutParadise.csproj", "{C413026A-A500-48E6-94CE-BC358DC90A43}"
EndProject
Global
	GlobalSection(SolutionConfigurationPlatforms) = preSolution
		Debug|Any CPU = Debug|Any CPU
		Debug|x86 = Debug|x86
		Release|Any CPU = Release|Any CPU
		Release|x86 = Release|x86
	EndGlobalSection
	GlobalSection(ProjectConfigurationPlatforms) = postSolution
		{8A2F9D8D-F90C-4764-9C87-533A9D13EDD1}.Debug|Any CPU.ActiveCfg = Debug|Any CPU
		{8A2F9D8D-F90C-4764-9C87-533A9D13EDD1}.Debug|Any CPU.Build.0 = Debug|Any CPU
		{8A2F9D8D-F90C-4764-9C87-533A9D13EDD1}.Debug|x86.ActiveCfg = Debug|x86
		{8A2F9D8D-F90C-4764-9C87-533A9D13EDD1}.Debug|x86.Build.0 = Debug|x86
		{8A2F9D8D-F90C-4764-9C87-533A9D13EDD1}.Release|Any CPU.ActiveCfg = Release|Any CPU
		{8A2F9D8D-F90C-4764-9C87-533A9D13EDD1}.Release|Any CPU.Build.0 = Release|Any CPU
		{8A2F9D8D-F90C-4764-9C87-533A9D13EDD1}.Release|x86.ActiveCfg = Release|Any CPU
		{8A2F9D8D-F90C-4764-9C87-533A9D13EDD1}.Release|x86.Build.0 = Release|Any CPU
		{EB87C57D-89CC-47B3-907F-822F94EEDFB2}.Debug|Any CPU.ActiveCfg = Debug|x86
		{EB87C57D-89CC-47B3-907F-822F94EEDFB2}.Debug|x86.ActiveCfg = Debug|x86
		{EB87C57D-89CC-47B3-907F-822F94EEDFB2}.Debug|x86.Build.0 = Debug|x86
		{EB87C57D-89CC-47B3-907F-822F94EEDFB2}.Release|Any CPU.ActiveCfg = Release|x86
		{EB87C57D-89CC-47B3-907F-822F94EEDFB2}.Release|x86.ActiveCfg = Release|x86
		{EB87C57D-89CC-47B3-907F-822F94EEDFB2}.Release|x86.Build.0 = Release|x86
		{1CEA3C8B-C02A-43BB-BA31-15276B03E856}.Debug|Any CPU.ActiveCfg = Debug|Any CPU
		{1CEA3C8B-C02A-43BB-BA31-15276B03E856}.Debug|Any CPU.Build.0 = Debug|Any CPU
		{1CEA3C8B-C02A-43BB-BA31-15276B03E856}.Debug|x86.ActiveCfg = Debug|x86
		{1CEA3C8B-C02A-43BB-BA31-15276B03E856}.Debug|x86.Build.0 = Debug|x86
		{1CEA3C8B-C02A-43BB-BA31-15276B03E856}.Release|Any CPU.ActiveCfg = Release|Any CPU
		{1CEA3C8B-C02A-43BB-BA31-15276B03E856}.Release|Any CPU.Build.0 = Release|Any CPU
		{1CEA3C8B-C02A-43BB-BA31-15276B03E856}.Release|x86.ActiveCfg = Release|Any CPU
		{1CEA3C8B-C02A-43BB-BA31-15276B03E856}.Release|x86.Build.0 = Release|Any CPU
		{09A6E5C3-1629-426B-9528-8E3B87500D8D}.Debug|Any CPU.ActiveCfg = Debug|Any CPU
		{09A6E5C3-1629-426B-9528-8E3B87500D8D}.Debug|Any CPU.Build.0 = Debug|Any CPU
		{09A6E5C3-1629-426B-9528-8E3B87500D8D}.Debug|x86.ActiveCfg = Debug|Any CPU
		{09A6E5C3-1629-426B-9528-8E3B87500D8D}.Debug|x86.Build.0 = Debug|Any CPU
		{09A6E5C3-1629-426B-9528-8E3B87500D8D}.Release|Any CPU.ActiveCfg = Release|Any CPU
		{09A6E5C3-1629-426B-9528-8E3B87500D8D}.Release|Any CPU.Build.0 = Release|Any CPU
		{09A6E5C3-1629-426B-9528-8E3B87500D8D}.Release|x86.ActiveCfg = Release|Any CPU
		{09A6E5C3-1629-426B-9528-8E3B87500D8D}.Release|x86.Build.0 = Release|Any CPU
		{EC883176-79B0-4FD1-AA7A-D611202BCA30}.Debug|Any CPU.ActiveCfg = Debug|Any CPU
		{EC883176-79B0-4FD1-AA7A-D611202BCA30}.Debug|Any CPU.Build.0 = Debug|Any CPU
		{EC883176-79B0-4FD1-AA7A-D611202BCA30}.Debug|x86.ActiveCfg = Debug|Any CPU
		{EC883176-79B0-4FD1-AA7A-D611202BCA30}.Debug|x86.Build.0 = Debug|Any CPU
		{EC883176-79B0-4FD1-AA7A-D611202BCA30}.Release|Any CPU.ActiveCfg = Release|Any CPU
		{EC883176-79B0-4FD1-AA7A-D611202BCA30}.Release|Any CPU.Build.0 = Release|Any CPU
		{EC883176-79B0-4FD1-AA7A-D611202BCA30}.Release|x86.ActiveCfg = Release|Any CPU
		{EC883176-79B0-4FD1-AA7A-D611202BCA30}.Release|x86.Build.0 = Release|Any CPU
		{C413026A-A500-48E6-94CE-BC358DC90A43}.Debug|Any CPU.ActiveCfg = Debug|x86
		{C413026A-A500-48E6-94CE-BC358DC90A43}.Debug|x86.ActiveCfg = Debug|x86
		{C413026A-A500-48E6-94CE-BC358DC90A43}.Debug|x86.Build.0 = Debug|x86
		{C413026A-A500-48E6-94CE-BC358DC90A43}.Release|Any CPU.ActiveCfg = Release|x86
		{C413026A-A500-48E6-94CE-BC358DC90A43}.Release|x86.ActiveCfg = Release|x86
		{C413026A-A500-48E6-94CE-BC358DC90A43}.Release|x86.Build.0 = Release|x86
	EndGlobalSection
	GlobalSection(SolutionProperties) = preSolution
		HideSolutionNode = FALSE
	EndGlobalSection
	GlobalSection(ExtensibilityGlobals) = postSolution
		SolutionGuid = {141DB5F6-CA60-46A5-B635-EEE11C0279D0}
	EndGlobalSection
EndGlobal
